
Microsoft Visual Studio Solution File, Format Version 12.00
# Visual Studio Version 16
VisualStudioVersion = 16.0.32929.386
MinimumVisualStudioVersion = 10.0.40219.1
Project("{8BC9CEB8-8B4A-11D0-8D11-00A0C91BC942}") = "20230120", "20230120.vcxproj", "{514C5FC6-2057-4B4F-A68D-D86226489A6D}"
EndProject
Global
	GlobalSection(SolutionConfigurationPlatforms) = preSolution
		Debug|x64 = Debug|x64
		Debug|x86 = Debug|x86
		Release|x64 = Release|x64
		Release|x86 = Release|x86
	EndGlobalSection
	GlobalSection(ProjectConfigurationPlatforms) = postSolution
		{514C5FC6-2057-4B4F-A68D-D86226489A6D}.Debug|x64.ActiveCfg = Debug|x64
		{514C5FC6-2057-4B4F-A68D-D86226489A6D}.Debug|x64.Build.0 = Debug|x64
		{514C5FC6-2057-4B4F-A68D-D86226489A6D}.Debug|x86.ActiveCfg = Debug|Win32
		{514C5FC6-2057-4B4F-A68D-D86226489A6D}.Debug|x86.Build.0 = Debug|Win32
		{514C5FC6-2057-4B4F-A68D-D86226489A6D}.Release|x64.ActiveCfg = Release|x64
		{514C5FC6-2057-4B4F-A68D-D86226489A6D}.Release|x64.Build.0 = Release|x64
		{514C5FC6-2057-4B4F-A68D-D86226489A6D}.Release|x86.ActiveCfg = Release|Win32
		{514C5FC6-2057-4B4F-A68D-D86226489A6D}.Release|x86.Build.0 = Release|Win32
	EndGlobalSection
	GlobalSection(SolutionProperties) = preSolution
		HideSolutionNode = FALSE
	EndGlobalSection
	GlobalSection(ExtensibilityGlobals) = postSolution
		SolutionGuid = {88BA6438-8F85-4B6F-AFDA-C9E75D67BEB1}
	EndGlobalSection
EndGlobal
