
Microsoft Visual Studio Solution File, Format Version 12.00
# Visual Studio Version 16
VisualStudioVersion = 16.0.32929.386
MinimumVisualStudioVersion = 10.0.40219.1
Project("{8BC9CEB8-8B4A-11D0-8D11-00A0C91BC942}") = "20230117", "20230117\20230117.vcxproj", "{89C36EC6-6F49-4E7E-822B-B9D4EA28F48C}"
EndProject
Global
	GlobalSection(SolutionConfigurationPlatforms) = preSolution
		Debug|x64 = Debug|x64
		Debug|x86 = Debug|x86
		Release|x64 = Release|x64
		Release|x86 = Release|x86
	EndGlobalSection
	GlobalSection(ProjectConfigurationPlatforms) = postSolution
		{89C36EC6-6F49-4E7E-822B-B9D4EA28F48C}.Debug|x64.ActiveCfg = Debug|x64
		{89C36EC6-6F49-4E7E-822B-B9D4EA28F48C}.Debug|x64.Build.0 = Debug|x64
		{89C36EC6-6F49-4E7E-822B-B9D4EA28F48C}.Debug|x86.ActiveCfg = Debug|Win32
		{89C36EC6-6F49-4E7E-822B-B9D4EA28F48C}.Debug|x86.Build.0 = Debug|Win32
		{89C36EC6-6F49-4E7E-822B-B9D4EA28F48C}.Release|x64.ActiveCfg = Release|x64
		{89C36EC6-6F49-4E7E-822B-B9D4EA28F48C}.Release|x64.Build.0 = Release|x64
		{89C36EC6-6F49-4E7E-822B-B9D4EA28F48C}.Release|x86.ActiveCfg = Release|Win32
		{89C36EC6-6F49-4E7E-822B-B9D4EA28F48C}.Release|x86.Build.0 = Release|Win32
	EndGlobalSection
	GlobalSection(SolutionProperties) = preSolution
		HideSolutionNode = FALSE
	EndGlobalSection
	GlobalSection(ExtensibilityGlobals) = postSolution
		SolutionGuid = {0B085CFA-E2BD-4EA9-9E7A-DDB48F5AC58D}
	EndGlobalSection
EndGlobal
